
Microsoft Visual Studio Solution File, Format Version 12.00
# Visual Studio Version 17
VisualStudioVersion = 17.14.36518.9
MinimumVisualStudioVersion = 10.0.40219.1
Project("{FAE04EC0-301F-11D3-BF4B-00C04F79EFBC}") = "Flappy Bird", "Flappy Bird\Flappy Bird.csproj", "{60CD631D-279D-40E8-9BE7-4F6812F7B566}"
EndProject
Global
	GlobalSection(SolutionConfigurationPlatforms) = preSolution
		Debug|Any CPU = Debug|Any CPU
		Release|Any CPU = Release|Any CPU
	EndGlobalSection
	GlobalSection(ProjectConfigurationPlatforms) = postSolution
		{60CD631D-279D-40E8-9BE7-4F6812F7B566}.Debug|Any CPU.ActiveCfg = Debug|Any CPU
		{60CD631D-279D-40E8-9BE7-4F6812F7B566}.Debug|Any CPU.Build.0 = Debug|Any CPU
		{60CD631D-279D-40E8-9BE7-4F6812F7B566}.Release|Any CPU.ActiveCfg = Release|Any CPU
		{60CD631D-279D-40E8-9BE7-4F6812F7B566}.Release|Any CPU.Build.0 = Release|Any CPU
	EndGlobalSection
	GlobalSection(SolutionProperties) = preSolution
		HideSolutionNode = FALSE
	EndGlobalSection
	GlobalSection(ExtensibilityGlobals) = postSolution
		SolutionGuid = {60D356F7-3E87-4E62-B488-1BA053DD93DF}
	EndGlobalSection
EndGlobal
